// !$*UTF8*$!
{
	archiveVersion = 1;
	classes = {
	};
	objectVersion = 56;
	objects = {

/* Begin PBXBuildFile section */
		3912B8B32BE78C5B00E6F866 /* BarChartView.swift in Sources */ = {isa = PBXBuildFile; fileRef = 3912B8B22BE78C5B00E6F866 /* BarChartView.swift */; };
		3912B8B62BE78E1C00E6F866 /* HapticView.swift in Sources */ = {isa = PBXBuildFile; fileRef = 3912B8B52BE78E1C00E6F866 /* HapticView.swift */; };
		3912B8B92BE78E3000E6F866 /* BaseButton.swift in Sources */ = {isa = PBXBuildFile; fileRef = 3912B8B82BE78E3000E6F866 /* BaseButton.swift */; };
		3912B8BB2BE7901700E6F866 /* BaseNavigationLink.swift in Sources */ = {isa = PBXBuildFile; fileRef = 3912B8BA2BE7901700E6F866 /* BaseNavigationLink.swift */; };
		3912B8BF2BE7A3F800E6F866 /* AnimatedChartView.swift in Sources */ = {isa = PBXBuildFile; fileRef = 3912B8BE2BE7A3F800E6F866 /* AnimatedChartView.swift */; };
		3912B8C12BE7A41300E6F866 /* AnimatedChartViewModel.swift in Sources */ = {isa = PBXBuildFile; fileRef = 3912B8C02BE7A41300E6F866 /* AnimatedChartViewModel.swift */; };
		3912B8C72BE7A42C00E6F866 /* BaseChartModel.swift in Sources */ = {isa = PBXBuildFile; fileRef = 3912B8C22BE7A42C00E6F866 /* BaseChartModel.swift */; };
		3912B8C82BE7A42C00E6F866 /* ChartProtocol.swift in Sources */ = {isa = PBXBuildFile; fileRef = 3912B8C32BE7A42C00E6F866 /* ChartProtocol.swift */; };
		3912B8C92BE7A42C00E6F866 /* ChartSegment.swift in Sources */ = {isa = PBXBuildFile; fileRef = 3912B8C42BE7A42C00E6F866 /* ChartSegment.swift */; };
		3912B8CA2BE7A42C00E6F866 /* ChartType.swift in Sources */ = {isa = PBXBuildFile; fileRef = 3912B8C52BE7A42C00E6F866 /* ChartType.swift */; };
		3912B8CD2BE7A45400E6F866 /* ChartSamples.swift in Sources */ = {isa = PBXBuildFile; fileRef = 3912B8CC2BE7A45400E6F866 /* ChartSamples.swift */; };
		395420002BEF6D9C00E5B9A0 /* JSONParserService.swift in Sources */ = {isa = PBXBuildFile; fileRef = 39541FFF2BEF6D9C00E5B9A0 /* JSONParserService.swift */; };
		395420022BEF731200E5B9A0 /* FileExportable.swift in Sources */ = {isa = PBXBuildFile; fileRef = 395420012BEF731200E5B9A0 /* FileExportable.swift */; };
		395420042BEF737000E5B9A0 /* Object.swift in Sources */ = {isa = PBXBuildFile; fileRef = 395420032BEF737000E5B9A0 /* Object.swift */; };
		395420062BEF737B00E5B9A0 /* Service.swift in Sources */ = {isa = PBXBuildFile; fileRef = 395420052BEF737B00E5B9A0 /* Service.swift */; };
		3954200A2BEF746D00E5B9A0 /* JSONParserView.swift in Sources */ = {isa = PBXBuildFile; fileRef = 395420092BEF746D00E5B9A0 /* JSONParserView.swift */; };
		3954200C2BEF749300E5B9A0 /* ViewModel.swift in Sources */ = {isa = PBXBuildFile; fileRef = 3954200B2BEF749300E5B9A0 /* ViewModel.swift */; };
		3954200E2BEF762700E5B9A0 /* File.swift in Sources */ = {isa = PBXBuildFile; fileRef = 3954200D2BEF762700E5B9A0 /* File.swift */; };
		395420102BEF7B7900E5B9A0 /* JSONParserViewModel.swift in Sources */ = {isa = PBXBuildFile; fileRef = 3954200F2BEF7B7900E5B9A0 /* JSONParserViewModel.swift */; };
		39A925342BE66553006D7290 /* SwiftTestToolApp.swift in Sources */ = {isa = PBXBuildFile; fileRef = 39A925332BE66553006D7290 /* SwiftTestToolApp.swift */; };
		39A925362BE66553006D7290 /* ContentView.swift in Sources */ = {isa = PBXBuildFile; fileRef = 39A925352BE66553006D7290 /* ContentView.swift */; };
		39A925382BE66555006D7290 /* Assets.xcassets in Resources */ = {isa = PBXBuildFile; fileRef = 39A925372BE66555006D7290 /* Assets.xcassets */; };
		39A9253B2BE66555006D7290 /* Preview Assets.xcassets in Resources */ = {isa = PBXBuildFile; fileRef = 39A9253A2BE66555006D7290 /* Preview Assets.xcassets */; };
		39A925432BE66563006D7290 /* HapticManager.swift in Sources */ = {isa = PBXBuildFile; fileRef = 39A925422BE66563006D7290 /* HapticManager.swift */; };
		39BAC0332BEF6AAA0097D546 /* AppLogger.swift in Sources */ = {isa = PBXBuildFile; fileRef = 39BAC0322BEF6AAA0097D546 /* AppLogger.swift */; };
		39BAC0352BEF6AB00097D546 /* LogStore.swift in Sources */ = {isa = PBXBuildFile; fileRef = 39BAC0342BEF6AB00097D546 /* LogStore.swift */; };
		39BAC0382BEF6AD60097D546 /* Constants.swift in Sources */ = {isa = PBXBuildFile; fileRef = 39BAC0372BEF6AD60097D546 /* Constants.swift */; };
		39BAC03A2BEF6B120097D546 /* Log.swift in Sources */ = {isa = PBXBuildFile; fileRef = 39BAC0392BEF6B120097D546 /* Log.swift */; };
/* End PBXBuildFile section */

/* Begin PBXFileReference section */
		3912B8B22BE78C5B00E6F866 /* BarChartView.swift */ = {isa = PBXFileReference; lastKnownFileType = sourcecode.swift; path = BarChartView.swift; sourceTree = "<group>"; };
		3912B8B52BE78E1C00E6F866 /* HapticView.swift */ = {isa = PBXFileReference; lastKnownFileType = sourcecode.swift; path = HapticView.swift; sourceTree = "<group>"; };
		3912B8B82BE78E3000E6F866 /* BaseButton.swift */ = {isa = PBXFileReference; lastKnownFileType = sourcecode.swift; path = BaseButton.swift; sourceTree = "<group>"; };
		3912B8BA2BE7901700E6F866 /* BaseNavigationLink.swift */ = {isa = PBXFileReference; lastKnownFileType = sourcecode.swift; path = BaseNavigationLink.swift; sourceTree = "<group>"; };
		3912B8BE2BE7A3F800E6F866 /* AnimatedChartView.swift */ = {isa = PBXFileReference; lastKnownFileType = sourcecode.swift; path = AnimatedChartView.swift; sourceTree = "<group>"; };
		3912B8C02BE7A41300E6F866 /* AnimatedChartViewModel.swift */ = {isa = PBXFileReference; lastKnownFileType = sourcecode.swift; path = AnimatedChartViewModel.swift; sourceTree = "<group>"; };
		3912B8C22BE7A42C00E6F866 /* BaseChartModel.swift */ = {isa = PBXFileReference; fileEncoding = 4; lastKnownFileType = sourcecode.swift; path = BaseChartModel.swift; sourceTree = "<group>"; };
		3912B8C32BE7A42C00E6F866 /* ChartProtocol.swift */ = {isa = PBXFileReference; fileEncoding = 4; lastKnownFileType = sourcecode.swift; path = ChartProtocol.swift; sourceTree = "<group>"; };
		3912B8C42BE7A42C00E6F866 /* ChartSegment.swift */ = {isa = PBXFileReference; fileEncoding = 4; lastKnownFileType = sourcecode.swift; path = ChartSegment.swift; sourceTree = "<group>"; };
		3912B8C52BE7A42C00E6F866 /* ChartType.swift */ = {isa = PBXFileReference; fileEncoding = 4; lastKnownFileType = sourcecode.swift; path = ChartType.swift; sourceTree = "<group>"; };
		3912B8CC2BE7A45400E6F866 /* ChartSamples.swift */ = {isa = PBXFileReference; lastKnownFileType = sourcecode.swift; path = ChartSamples.swift; sourceTree = "<group>"; };
		39541FFF2BEF6D9C00E5B9A0 /* JSONParserService.swift */ = {isa = PBXFileReference; lastKnownFileType = sourcecode.swift; path = JSONParserService.swift; sourceTree = "<group>"; };
		395420012BEF731200E5B9A0 /* FileExportable.swift */ = {isa = PBXFileReference; lastKnownFileType = sourcecode.swift; path = FileExportable.swift; sourceTree = "<group>"; };
		395420032BEF737000E5B9A0 /* Object.swift */ = {isa = PBXFileReference; lastKnownFileType = sourcecode.swift; path = Object.swift; sourceTree = "<group>"; };
		395420052BEF737B00E5B9A0 /* Service.swift */ = {isa = PBXFileReference; lastKnownFileType = sourcecode.swift; path = Service.swift; sourceTree = "<group>"; };
		395420092BEF746D00E5B9A0 /* JSONParserView.swift */ = {isa = PBXFileReference; lastKnownFileType = sourcecode.swift; path = JSONParserView.swift; sourceTree = "<group>"; };
		3954200B2BEF749300E5B9A0 /* ViewModel.swift */ = {isa = PBXFileReference; lastKnownFileType = sourcecode.swift; path = ViewModel.swift; sourceTree = "<group>"; };
		3954200D2BEF762700E5B9A0 /* File.swift */ = {isa = PBXFileReference; lastKnownFileType = sourcecode.swift; path = File.swift; sourceTree = "<group>"; };
		3954200F2BEF7B7900E5B9A0 /* JSONParserViewModel.swift */ = {isa = PBXFileReference; lastKnownFileType = sourcecode.swift; path = JSONParserViewModel.swift; sourceTree = "<group>"; };
		395420112BEF7D5100E5B9A0 /* README.md */ = {isa = PBXFileReference; lastKnownFileType = net.daringfireball.markdown; path = README.md; sourceTree = "<group>"; };
		39A925302BE66553006D7290 /* SwiftTestTool.app */ = {isa = PBXFileReference; explicitFileType = wrapper.application; includeInIndex = 0; path = SwiftTestTool.app; sourceTree = BUILT_PRODUCTS_DIR; };
		39A925332BE66553006D7290 /* SwiftTestToolApp.swift */ = {isa = PBXFileReference; lastKnownFileType = sourcecode.swift; path = SwiftTestToolApp.swift; sourceTree = "<group>"; };
		39A925352BE66553006D7290 /* ContentView.swift */ = {isa = PBXFileReference; lastKnownFileType = sourcecode.swift; path = ContentView.swift; sourceTree = "<group>"; };
		39A925372BE66555006D7290 /* Assets.xcassets */ = {isa = PBXFileReference; lastKnownFileType = folder.assetcatalog; path = Assets.xcassets; sourceTree = "<group>"; };
		39A9253A2BE66555006D7290 /* Preview Assets.xcassets */ = {isa = PBXFileReference; lastKnownFileType = folder.assetcatalog; path = "Preview Assets.xcassets"; sourceTree = "<group>"; };
		39A925422BE66563006D7290 /* HapticManager.swift */ = {isa = PBXFileReference; lastKnownFileType = sourcecode.swift; path = HapticManager.swift; sourceTree = "<group>"; };
		39BAC0322BEF6AAA0097D546 /* AppLogger.swift */ = {isa = PBXFileReference; lastKnownFileType = sourcecode.swift; path = AppLogger.swift; sourceTree = "<group>"; };
		39BAC0342BEF6AB00097D546 /* LogStore.swift */ = {isa = PBXFileReference; lastKnownFileType = sourcecode.swift; path = LogStore.swift; sourceTree = "<group>"; };
		39BAC0372BEF6AD60097D546 /* Constants.swift */ = {isa = PBXFileReference; lastKnownFileType = sourcecode.swift; path = Constants.swift; sourceTree = "<group>"; };
		39BAC0392BEF6B120097D546 /* Log.swift */ = {isa = PBXFileReference; lastKnownFileType = sourcecode.swift; path = Log.swift; sourceTree = "<group>"; };
/* End PBXFileReference section */

/* Begin PBXFrameworksBuildPhase section */
		39A9252D2BE66553006D7290 /* Frameworks */ = {
			isa = PBXFrameworksBuildPhase;
			buildActionMask = 2147483647;
			files = (
			);
			runOnlyForDeploymentPostprocessing = 0;
		};
/* End PBXFrameworksBuildPhase section */

/* Begin PBXGroup section */
		3912B8B12BE78C4700E6F866 /* Chart */ = {
			isa = PBXGroup;
			children = (
				3912B8CB2BE7A43600E6F866 /* AnimatedChart */,
				3912B8B22BE78C5B00E6F866 /* BarChartView.swift */,
			);
			path = Chart;
			sourceTree = "<group>";
		};
		3912B8B42BE78E0000E6F866 /* Haptic */ = {
			isa = PBXGroup;
			children = (
				39A925422BE66563006D7290 /* HapticManager.swift */,
				3912B8B52BE78E1C00E6F866 /* HapticView.swift */,
			);
			path = Haptic;
			sourceTree = "<group>";
		};
		3912B8B72BE78E2A00E6F866 /* BaseUI */ = {
			isa = PBXGroup;
			children = (
				3912B8B82BE78E3000E6F866 /* BaseButton.swift */,
				3912B8BA2BE7901700E6F866 /* BaseNavigationLink.swift */,
			);
			path = BaseUI;
			sourceTree = "<group>";
		};
		3912B8C62BE7A42C00E6F866 /* Model */ = {
			isa = PBXGroup;
			children = (
				3912B8C22BE7A42C00E6F866 /* BaseChartModel.swift */,
				3912B8C32BE7A42C00E6F866 /* ChartProtocol.swift */,
				3912B8C42BE7A42C00E6F866 /* ChartSegment.swift */,
				3912B8C52BE7A42C00E6F866 /* ChartType.swift */,
			);
			path = Model;
			sourceTree = "<group>";
		};
		3912B8CB2BE7A43600E6F866 /* AnimatedChart */ = {
			isa = PBXGroup;
			children = (
				3912B8C62BE7A42C00E6F866 /* Model */,
				3912B8BE2BE7A3F800E6F866 /* AnimatedChartView.swift */,
				3912B8C02BE7A41300E6F866 /* AnimatedChartViewModel.swift */,
				3912B8CC2BE7A45400E6F866 /* ChartSamples.swift */,
			);
			path = AnimatedChart;
			sourceTree = "<group>";
		};
		395420072BEF73E400E5B9A0 /* BaseObjects */ = {
			isa = PBXGroup;
			children = (
				395420052BEF737B00E5B9A0 /* Service.swift */,
				395420032BEF737000E5B9A0 /* Object.swift */,
				39BAC0372BEF6AD60097D546 /* Constants.swift */,
				3954200B2BEF749300E5B9A0 /* ViewModel.swift */,
			);
			path = BaseObjects;
			sourceTree = "<group>";
		};
		395420082BEF73F600E5B9A0 /* Functions */ = {
			isa = PBXGroup;
			children = (
				3912B8B12BE78C4700E6F866 /* Chart */,
				3912B8B42BE78E0000E6F866 /* Haptic */,
				39BAC02E2BEF60B00097D546 /* Parsers */,
			);
			path = Functions;
			sourceTree = "<group>";
		};
		39A925272BE66553006D7290 = {
			isa = PBXGroup;
			children = (
				395420112BEF7D5100E5B9A0 /* README.md */,
				39A925322BE66553006D7290 /* SwiftTestTool */,
				39A925312BE66553006D7290 /* Products */,
			);
			sourceTree = "<group>";
		};
		39A925312BE66553006D7290 /* Products */ = {
			isa = PBXGroup;
			children = (
				39A925302BE66553006D7290 /* SwiftTestTool.app */,
			);
			name = Products;
			sourceTree = "<group>";
		};
		39A925322BE66553006D7290 /* SwiftTestTool */ = {
			isa = PBXGroup;
			children = (
				39A925332BE66553006D7290 /* SwiftTestToolApp.swift */,
				39A925352BE66553006D7290 /* ContentView.swift */,
				3912B8B72BE78E2A00E6F866 /* BaseUI */,
				395420082BEF73F600E5B9A0 /* Functions */,
				395420072BEF73E400E5B9A0 /* BaseObjects */,
				39BAC03B2BEF6B270097D546 /* Extensions */,
				39BAC0312BEF6AA50097D546 /* Logger */,
				39A925372BE66555006D7290 /* Assets.xcassets */,
				39A925392BE66555006D7290 /* Preview Content */,
			);
			path = SwiftTestTool;
			sourceTree = "<group>";
		};
		39A925392BE66555006D7290 /* Preview Content */ = {
			isa = PBXGroup;
			children = (
				39A9253A2BE66555006D7290 /* Preview Assets.xcassets */,
			);
			path = "Preview Content";
			sourceTree = "<group>";
		};
		39BAC02E2BEF60B00097D546 /* Parsers */ = {
			isa = PBXGroup;
			children = (
				39541FFF2BEF6D9C00E5B9A0 /* JSONParserService.swift */,
				395420012BEF731200E5B9A0 /* FileExportable.swift */,
				395420092BEF746D00E5B9A0 /* JSONParserView.swift */,
				3954200D2BEF762700E5B9A0 /* File.swift */,
				3954200F2BEF7B7900E5B9A0 /* JSONParserViewModel.swift */,
			);
			path = Parsers;
			sourceTree = "<group>";
		};
		39BAC0312BEF6AA50097D546 /* Logger */ = {
			isa = PBXGroup;
			children = (
				39BAC0322BEF6AAA0097D546 /* AppLogger.swift */,
				39BAC0342BEF6AB00097D546 /* LogStore.swift */,
				39BAC0392BEF6B120097D546 /* Log.swift */,
			);
			path = Logger;
			sourceTree = "<group>";
		};
		39BAC03B2BEF6B270097D546 /* Extensions */ = {
			isa = PBXGroup;
			children = (
			);
			path = Extensions;
			sourceTree = "<group>";
		};
/* End PBXGroup section */

/* Begin PBXNativeTarget section */
		39A9252F2BE66553006D7290 /* SwiftTestTool */ = {
			isa = PBXNativeTarget;
			buildConfigurationList = 39A9253E2BE66555006D7290 /* Build configuration list for PBXNativeTarget "SwiftTestTool" */;
			buildPhases = (
				39A9252C2BE66553006D7290 /* Sources */,
				39A9252D2BE66553006D7290 /* Frameworks */,
				39A9252E2BE66553006D7290 /* Resources */,
			);
			buildRules = (
			);
			dependencies = (
			);
			name = SwiftTestTool;
			productName = SwiftTestTool;
			productReference = 39A925302BE66553006D7290 /* SwiftTestTool.app */;
			productType = "com.apple.product-type.application";
		};
/* End PBXNativeTarget section */

/* Begin PBXProject section */
		39A925282BE66553006D7290 /* Project object */ = {
			isa = PBXProject;
			attributes = {
				BuildIndependentTargetsInParallel = 1;
				LastSwiftUpdateCheck = 1530;
				LastUpgradeCheck = 1530;
				TargetAttributes = {
					39A9252F2BE66553006D7290 = {
						CreatedOnToolsVersion = 15.3;
					};
				};
			};
			buildConfigurationList = 39A9252B2BE66553006D7290 /* Build configuration list for PBXProject "SwiftTestTool" */;
			compatibilityVersion = "Xcode 14.0";
			developmentRegion = en;
			hasScannedForEncodings = 0;
			knownRegions = (
				en,
				Base,
			);
			mainGroup = 39A925272BE66553006D7290;
			productRefGroup = 39A925312BE66553006D7290 /* Products */;
			projectDirPath = "";
			projectRoot = "";
			targets = (
				39A9252F2BE66553006D7290 /* SwiftTestTool */,
			);
		};
/* End PBXProject section */

/* Begin PBXResourcesBuildPhase section */
		39A9252E2BE66553006D7290 /* Resources */ = {
			isa = PBXResourcesBuildPhase;
			buildActionMask = 2147483647;
			files = (
				39A9253B2BE66555006D7290 /* Preview Assets.xcassets in Resources */,
				39A925382BE66555006D7290 /* Assets.xcassets in Resources */,
			);
			runOnlyForDeploymentPostprocessing = 0;
		};
/* End PBXResourcesBuildPhase section */

/* Begin PBXSourcesBuildPhase section */
		39A9252C2BE66553006D7290 /* Sources */ = {
			isa = PBXSourcesBuildPhase;
			buildActionMask = 2147483647;
			files = (
				3954200E2BEF762700E5B9A0 /* File.swift in Sources */,
				3912B8CD2BE7A45400E6F866 /* ChartSamples.swift in Sources */,
				3912B8B62BE78E1C00E6F866 /* HapticView.swift in Sources */,
				395420102BEF7B7900E5B9A0 /* JSONParserViewModel.swift in Sources */,
				3912B8C12BE7A41300E6F866 /* AnimatedChartViewModel.swift in Sources */,
				39A925362BE66553006D7290 /* ContentView.swift in Sources */,
				3912B8C72BE7A42C00E6F866 /* BaseChartModel.swift in Sources */,
				395420042BEF737000E5B9A0 /* Object.swift in Sources */,
				3912B8BF2BE7A3F800E6F866 /* AnimatedChartView.swift in Sources */,
				39A925432BE66563006D7290 /* HapticManager.swift in Sources */,
				3912B8C92BE7A42C00E6F866 /* ChartSegment.swift in Sources */,
				39BAC0352BEF6AB00097D546 /* LogStore.swift in Sources */,
				395420062BEF737B00E5B9A0 /* Service.swift in Sources */,
				3912B8CA2BE7A42C00E6F866 /* ChartType.swift in Sources */,
				3912B8BB2BE7901700E6F866 /* BaseNavigationLink.swift in Sources */,
				39BAC0332BEF6AAA0097D546 /* AppLogger.swift in Sources */,
				39A925342BE66553006D7290 /* SwiftTestToolApp.swift in Sources */,
				395420022BEF731200E5B9A0 /* FileExportable.swift in Sources */,
				3954200A2BEF746D00E5B9A0 /* JSONParserView.swift in Sources */,
				39BAC03A2BEF6B120097D546 /* Log.swift in Sources */,
				3912B8B92BE78E3000E6F866 /* BaseButton.swift in Sources */,
				395420002BEF6D9C00E5B9A0 /* JSONParserService.swift in Sources */,
				3912B8B32BE78C5B00E6F866 /* BarChartView.swift in Sources */,
				3912B8C82BE7A42C00E6F866 /* ChartProtocol.swift in Sources */,
				3954200C2BEF749300E5B9A0 /* ViewModel.swift in Sources */,
				39BAC0382BEF6AD60097D546 /* Constants.swift in Sources */,
			);
			runOnlyForDeploymentPostprocessing = 0;
		};
/* End PBXSourcesBuildPhase section */

/* Begin XCBuildConfiguration section */
		39A9253C2BE66555006D7290 /* Debug */ = {
			isa = XCBuildConfiguration;
			buildSettings = {
				ALWAYS_SEARCH_USER_PATHS = NO;
				ASSETCATALOG_COMPILER_GENERATE_SWIFT_ASSET_SYMBOL_EXTENSIONS = YES;
				CLANG_ANALYZER_NONNULL = YES;
				CLANG_ANALYZER_NUMBER_OBJECT_CONVERSION = YES_AGGRESSIVE;
				CLANG_CXX_LANGUAGE_STANDARD = "gnu++20";
				CLANG_ENABLE_MODULES = YES;
				CLANG_ENABLE_OBJC_ARC = YES;
				CLANG_ENABLE_OBJC_WEAK = YES;
				CLANG_WARN_BLOCK_CAPTURE_AUTORELEASING = YES;
				CLANG_WARN_BOOL_CONVERSION = YES;
				CLANG_WARN_COMMA = YES;
				CLANG_WARN_CONSTANT_CONVERSION = YES;
				CLANG_WARN_DEPRECATED_OBJC_IMPLEMENTATIONS = YES;
				CLANG_WARN_DIRECT_OBJC_ISA_USAGE = YES_ERROR;
				CLANG_WARN_DOCUMENTATION_COMMENTS = YES;
				CLANG_WARN_EMPTY_BODY = YES;
				CLANG_WARN_ENUM_CONVERSION = YES;
				CLANG_WARN_INFINITE_RECURSION = YES;
				CLANG_WARN_INT_CONVERSION = YES;
				CLANG_WARN_NON_LITERAL_NULL_CONVERSION = YES;
				CLANG_WARN_OBJC_IMPLICIT_RETAIN_SELF = YES;
				CLANG_WARN_OBJC_LITERAL_CONVERSION = YES;
				CLANG_WARN_OBJC_ROOT_CLASS = YES_ERROR;
				CLANG_WARN_QUOTED_INCLUDE_IN_FRAMEWORK_HEADER = YES;
				CLANG_WARN_RANGE_LOOP_ANALYSIS = YES;
				CLANG_WARN_STRICT_PROTOTYPES = YES;
				CLANG_WARN_SUSPICIOUS_MOVE = YES;
				CLANG_WARN_UNGUARDED_AVAILABILITY = YES_AGGRESSIVE;
				CLANG_WARN_UNREACHABLE_CODE = YES;
				CLANG_WARN__DUPLICATE_METHOD_MATCH = YES;
				COPY_PHASE_STRIP = NO;
				DEBUG_INFORMATION_FORMAT = dwarf;
				ENABLE_STRICT_OBJC_MSGSEND = YES;
				ENABLE_TESTABILITY = YES;
				ENABLE_USER_SCRIPT_SANDBOXING = YES;
				GCC_C_LANGUAGE_STANDARD = gnu17;
				GCC_DYNAMIC_NO_PIC = NO;
				GCC_NO_COMMON_BLOCKS = YES;
				GCC_OPTIMIZATION_LEVEL = 0;
				GCC_PREPROCESSOR_DEFINITIONS = (
					"DEBUG=1",
					"$(inherited)",
				);
				GCC_WARN_64_TO_32_BIT_CONVERSION = YES;
				GCC_WARN_ABOUT_RETURN_TYPE = YES_ERROR;
				GCC_WARN_UNDECLARED_SELECTOR = YES;
				GCC_WARN_UNINITIALIZED_AUTOS = YES_AGGRESSIVE;
				GCC_WARN_UNUSED_FUNCTION = YES;
				GCC_WARN_UNUSED_VARIABLE = YES;
				IPHONEOS_DEPLOYMENT_TARGET = 17.4;
				LOCALIZATION_PREFERS_STRING_CATALOGS = YES;
				MTL_ENABLE_DEBUG_INFO = INCLUDE_SOURCE;
				MTL_FAST_MATH = YES;
				ONLY_ACTIVE_ARCH = YES;
				SDKROOT = iphoneos;
				SWIFT_ACTIVE_COMPILATION_CONDITIONS = "DEBUG $(inherited)";
				SWIFT_OPTIMIZATION_LEVEL = "-Onone";
			};
			name = Debug;
		};
		39A9253D2BE66555006D7290 /* Release */ = {
			isa = XCBuildConfiguration;
			buildSettings = {
				ALWAYS_SEARCH_USER_PATHS = NO;
				ASSETCATALOG_COMPILER_GENERATE_SWIFT_ASSET_SYMBOL_EXTENSIONS = YES;
				CLANG_ANALYZER_NONNULL = YES;
				CLANG_ANALYZER_NUMBER_OBJECT_CONVERSION = YES_AGGRESSIVE;
				CLANG_CXX_LANGUAGE_STANDARD = "gnu++20";
				CLANG_ENABLE_MODULES = YES;
				CLANG_ENABLE_OBJC_ARC = YES;
				CLANG_ENABLE_OBJC_WEAK = YES;
				CLANG_WARN_BLOCK_CAPTURE_AUTORELEASING = YES;
				CLANG_WARN_BOOL_CONVERSION = YES;
				CLANG_WARN_COMMA = YES;
				CLANG_WARN_CONSTANT_CONVERSION = YES;
				CLANG_WARN_DEPRECATED_OBJC_IMPLEMENTATIONS = YES;
				CLANG_WARN_DIRECT_OBJC_ISA_USAGE = YES_ERROR;
				CLANG_WARN_DOCUMENTATION_COMMENTS = YES;
				CLANG_WARN_EMPTY_BODY = YES;
				CLANG_WARN_ENUM_CONVERSION = YES;
				CLANG_WARN_INFINITE_RECURSION = YES;
				CLANG_WARN_INT_CONVERSION = YES;
				CLANG_WARN_NON_LITERAL_NULL_CONVERSION = YES;
				CLANG_WARN_OBJC_IMPLICIT_RETAIN_SELF = YES;
				CLANG_WARN_OBJC_LITERAL_CONVERSION = YES;
				CLANG_WARN_OBJC_ROOT_CLASS = YES_ERROR;
				CLANG_WARN_QUOTED_INCLUDE_IN_FRAMEWORK_HEADER = YES;
				CLANG_WARN_RANGE_LOOP_ANALYSIS = YES;
				CLANG_WARN_STRICT_PROTOTYPES = YES;
				CLANG_WARN_SUSPICIOUS_MOVE = YES;
				CLANG_WARN_UNGUARDED_AVAILABILITY = YES_AGGRESSIVE;
				CLANG_WARN_UNREACHABLE_CODE = YES;
				CLANG_WARN__DUPLICATE_METHOD_MATCH = YES;
				COPY_PHASE_STRIP = NO;
				DEBUG_INFORMATION_FORMAT = "dwarf-with-dsym";
				ENABLE_NS_ASSERTIONS = NO;
				ENABLE_STRICT_OBJC_MSGSEND = YES;
				ENABLE_USER_SCRIPT_SANDBOXING = YES;
				GCC_C_LANGUAGE_STANDARD = gnu17;
				GCC_NO_COMMON_BLOCKS = YES;
				GCC_WARN_64_TO_32_BIT_CONVERSION = YES;
				GCC_WARN_ABOUT_RETURN_TYPE = YES_ERROR;
				GCC_WARN_UNDECLARED_SELECTOR = YES;
				GCC_WARN_UNINITIALIZED_AUTOS = YES_AGGRESSIVE;
				GCC_WARN_UNUSED_FUNCTION = YES;
				GCC_WARN_UNUSED_VARIABLE = YES;
				IPHONEOS_DEPLOYMENT_TARGET = 17.4;
				LOCALIZATION_PREFERS_STRING_CATALOGS = YES;
				MTL_ENABLE_DEBUG_INFO = NO;
				MTL_FAST_MATH = YES;
				SDKROOT = iphoneos;
				SWIFT_COMPILATION_MODE = wholemodule;
				VALIDATE_PRODUCT = YES;
			};
			name = Release;
		};
		39A9253F2BE66555006D7290 /* Debug */ = {
			isa = XCBuildConfiguration;
			buildSettings = {
				ASSETCATALOG_COMPILER_APPICON_NAME = AppIcon;
				ASSETCATALOG_COMPILER_GLOBAL_ACCENT_COLOR_NAME = AccentColor;
				CODE_SIGN_STYLE = Automatic;
				CURRENT_PROJECT_VERSION = 1;
				DEVELOPMENT_ASSET_PATHS = "\"SwiftTestTool/Preview Content\"";
				DEVELOPMENT_TEAM = ZH5GA3W8UP;
				ENABLE_PREVIEWS = YES;
				GENERATE_INFOPLIST_FILE = YES;
				INFOPLIST_KEY_NSFileProviderPresenceUsageDescription = "파일 권한요청";
				INFOPLIST_KEY_UIApplicationSceneManifest_Generation = YES;
				INFOPLIST_KEY_UIApplicationSupportsIndirectInputEvents = YES;
				INFOPLIST_KEY_UILaunchScreen_Generation = YES;
				INFOPLIST_KEY_UISupportedInterfaceOrientations_iPad = "UIInterfaceOrientationPortrait UIInterfaceOrientationPortraitUpsideDown UIInterfaceOrientationLandscapeLeft UIInterfaceOrientationLandscapeRight";
				INFOPLIST_KEY_UISupportedInterfaceOrientations_iPhone = "UIInterfaceOrientationPortrait UIInterfaceOrientationLandscapeLeft UIInterfaceOrientationLandscapeRight";
				IPHONEOS_DEPLOYMENT_TARGET = 17.0;
				LD_RUNPATH_SEARCH_PATHS = (
					"$(inherited)",
					"@executable_path/Frameworks",
				);
				MARKETING_VERSION = 1.0;
				PRODUCT_BUNDLE_IDENTIFIER = com.iveha.SwiftTestTool;
				PRODUCT_NAME = "$(TARGET_NAME)";
				SWIFT_EMIT_LOC_STRINGS = YES;
				SWIFT_VERSION = 5.0;
				TARGETED_DEVICE_FAMILY = "1,2";
			};
			name = Debug;
		};
		39A925402BE66555006D7290 /* Release */ = {
			isa = XCBuildConfiguration;
			buildSettings = {
				ASSETCATALOG_COMPILER_APPICON_NAME = AppIcon;
				ASSETCATALOG_COMPILER_GLOBAL_ACCENT_COLOR_NAME = AccentColor;
				CODE_SIGN_STYLE = Automatic;
				CURRENT_PROJECT_VERSION = 1;
				DEVELOPMENT_ASSET_PATHS = "\"SwiftTestTool/Preview Content\"";
				DEVELOPMENT_TEAM = ZH5GA3W8UP;
				ENABLE_PREVIEWS = YES;
				GENERATE_INFOPLIST_FILE = YES;
				INFOPLIST_KEY_NSFileProviderPresenceUsageDescription = "파일 권한요청";
				INFOPLIST_KEY_UIApplicationSceneManifest_Generation = YES;
				INFOPLIST_KEY_UIApplicationSupportsIndirectInputEvents = YES;
				INFOPLIST_KEY_UILaunchScreen_Generation = YES;
				INFOPLIST_KEY_UISupportedInterfaceOrientations_iPad = "UIInterfaceOrientationPortrait UIInterfaceOrientationPortraitUpsideDown UIInterfaceOrientationLandscapeLeft UIInterfaceOrientationLandscapeRight";
				INFOPLIST_KEY_UISupportedInterfaceOrientations_iPhone = "UIInterfaceOrientationPortrait UIInterfaceOrientationLandscapeLeft UIInterfaceOrientationLandscapeRight";
				IPHONEOS_DEPLOYMENT_TARGET = 17.0;
				LD_RUNPATH_SEARCH_PATHS = (
					"$(inherited)",
					"@executable_path/Frameworks",
				);
				MARKETING_VERSION = 1.0;
				PRODUCT_BUNDLE_IDENTIFIER = com.iveha.SwiftTestTool;
				PRODUCT_NAME = "$(TARGET_NAME)";
				SWIFT_EMIT_LOC_STRINGS = YES;
				SWIFT_VERSION = 5.0;
				TARGETED_DEVICE_FAMILY = "1,2";
			};
			name = Release;
		};
/* End XCBuildConfiguration section */

/* Begin XCConfigurationList section */
		39A9252B2BE66553006D7290 /* Build configuration list for PBXProject "SwiftTestTool" */ = {
			isa = XCConfigurationList;
			buildConfigurations = (
				39A9253C2BE66555006D7290 /* Debug */,
				39A9253D2BE66555006D7290 /* Release */,
			);
			defaultConfigurationIsVisible = 0;
			defaultConfigurationName = Release;
		};
		39A9253E2BE66555006D7290 /* Build configuration list for PBXNativeTarget "SwiftTestTool" */ = {
			isa = XCConfigurationList;
			buildConfigurations = (
				39A9253F2BE66555006D7290 /* Debug */,
				39A925402BE66555006D7290 /* Release */,
			);
			defaultConfigurationIsVisible = 0;
			defaultConfigurationName = Release;
		};
/* End XCConfigurationList section */
	};
	rootObject = 39A925282BE66553006D7290 /* Project object */;
}
